
Microsoft Visual Studio Solution File, Format Version 11.00
# Visual Studio 2010
Project("{FAE04EC0-301F-11D3-BF4B-00C04F79EFBC}") = "Figher Game", "Figher Game\Figher Game\Figher Game.csproj", "{283C07B5-C85B-441F-A57A-112C346A604E}"
EndProject
Project("{FAE04EC0-301F-11D3-BF4B-00C04F79EFBC}") = "Figher Game Content", "Figher Game\Figher GameContent\Figher Game Content.contentproj", "{CD69BCFC-6F92-4D1D-A35D-C547419F1DA4}"
EndProject
Global
	GlobalSection(SolutionConfigurationPlatforms) = preSolution
		Debug|x86 = Debug|x86
		Release|x86 = Release|x86
	EndGlobalSection
	GlobalSection(ProjectConfigurationPlatforms) = postSolution
		{283C07B5-C85B-441F-A57A-112C346A604E}.Debug|x86.ActiveCfg = Debug|x86
		{283C07B5-C85B-441F-A57A-112C346A604E}.Debug|x86.Build.0 = Debug|x86
		{283C07B5-C85B-441F-A57A-112C346A604E}.Release|x86.ActiveCfg = Release|x86
		{283C07B5-C85B-441F-A57A-112C346A604E}.Release|x86.Build.0 = Release|x86
		{CD69BCFC-6F92-4D1D-A35D-C547419F1DA4}.Debug|x86.ActiveCfg = Debug|x86
		{CD69BCFC-6F92-4D1D-A35D-C547419F1DA4}.Release|x86.ActiveCfg = Release|x86
	EndGlobalSection
	GlobalSection(SolutionProperties) = preSolution
		HideSolutionNode = FALSE
	EndGlobalSection
EndGlobal
